<Solution>
  <Project Path="docker-compose.dcproj">
    <Build />
  </Project>
  <Project Path="VIImpact.API/VIImpact.API.csproj" />
  <Project Path="VIImpact.Application/VIImpact.Application.csproj" />
  <Project Path="VIImpact.Domain/VIImpact.Domain.csproj" />
  <Project Path="VIImpact.Infrastructure/VIImpact.Infrastructure.csproj" />
  <Project Path="VIImpact.Tests/VIImpact.Tests.csproj" />
</Solution>
